
Microsoft Visual Studio Solution File, Format Version 12.00
# Visual Studio 15
VisualStudioVersion = 15.0.27428.2043
MinimumVisualStudioVersion = 10.0.40219.1
Project("{FAE04EC0-301F-11D3-BF4B-00C04F79EFBC}") = "Persona2po", "Persona2po\Persona2po.csproj", "{21F7A3AE-5FC4-49A7-B70A-C0367941BB00}"
EndProject
Global
	GlobalSection(SolutionConfigurationPlatforms) = preSolution
		Debug|Any CPU = Debug|Any CPU
		Release|Any CPU = Release|Any CPU
	EndGlobalSection
	GlobalSection(ProjectConfigurationPlatforms) = postSolution
		{21F7A3AE-5FC4-49A7-B70A-C0367941BB00}.Debug|Any CPU.ActiveCfg = Debug|Any CPU
		{21F7A3AE-5FC4-49A7-B70A-C0367941BB00}.Debug|Any CPU.Build.0 = Debug|Any CPU
		{21F7A3AE-5FC4-49A7-B70A-C0367941BB00}.Release|Any CPU.ActiveCfg = Release|Any CPU
		{21F7A3AE-5FC4-49A7-B70A-C0367941BB00}.Release|Any CPU.Build.0 = Release|Any CPU
	EndGlobalSection
	GlobalSection(SolutionProperties) = preSolution
		HideSolutionNode = FALSE
	EndGlobalSection
	GlobalSection(ExtensibilityGlobals) = postSolution
		SolutionGuid = {A678E08F-9849-468E-8856-54AFAFF03D0A}
	EndGlobalSection
EndGlobal
